
Microsoft Visual Studio Solution File, Format Version 12.00
# Visual Studio Version 17
VisualStudioVersion = 17.0.32126.317
MinimumVisualStudioVersion = 10.0.40219.1
Project("{FAE04EC0-301F-11D3-BF4B-00C04F79EFBC}") = "Calculadora de Juros", "Calculadora de Juros.csproj", "{AB7EA04E-CE2C-4DE4-9979-4CB3A5D99753}"
EndProject
Global
	GlobalSection(SolutionConfigurationPlatforms) = preSolution
		Debug|Any CPU = Debug|Any CPU
		Release|Any CPU = Release|Any CPU
	EndGlobalSection
	GlobalSection(ProjectConfigurationPlatforms) = postSolution
		{AB7EA04E-CE2C-4DE4-9979-4CB3A5D99753}.Debug|Any CPU.ActiveCfg = Debug|Any CPU
		{AB7EA04E-CE2C-4DE4-9979-4CB3A5D99753}.Debug|Any CPU.Build.0 = Debug|Any CPU
		{AB7EA04E-CE2C-4DE4-9979-4CB3A5D99753}.Release|Any CPU.ActiveCfg = Release|Any CPU
		{AB7EA04E-CE2C-4DE4-9979-4CB3A5D99753}.Release|Any CPU.Build.0 = Release|Any CPU
	EndGlobalSection
	GlobalSection(SolutionProperties) = preSolution
		HideSolutionNode = FALSE
	EndGlobalSection
	GlobalSection(ExtensibilityGlobals) = postSolution
		SolutionGuid = {85210A1A-B551-4254-B300-DCB50294ADE6}
	EndGlobalSection
EndGlobal
